{
  "name": "jsft",
  "version": "0.0.1",
  "lockfileVersion": 1,
  "requires": true,
  "dependencies": {
    "@types/node": {
      "version": "14.14.31",
      "dev": true
    },
    "eval": {
      "version": "0.1.6",
      "resolved": "https://registry.npmjs.org/eval/-/eval-0.1.6.tgz",
      "integrity": "sha512-o0XUw+5OGkXw4pJZzQoXUk+H87DHuC+7ZE//oSrRGtatTmr12oTnLfg6QOq9DyTt0c/p4TwzgmkKrBzWTSizyQ==",
      "requires": {
        "require-like": ">= 0.1.1"
      }
    },
    "require-like": {
      "version": "0.1.2",
      "resolved": "https://registry.npmjs.org/require-like/-/require-like-0.1.2.tgz",
      "integrity": "sha1-rW8wwTvs15cBDEaK+ndcDAprR/o="
    },
    "typescript": {
      "version": "4.2.2",
      "dev": true
    }
  }
}
